
Microsoft Visual Studio Solution File, Format Version 12.00
# Visual Studio Version 16
VisualStudioVersion = 25.0.1703.5
MinimumVisualStudioVersion = 10.0.40219.1
Project("{FAE04EC0-301F-11D3-BF4B-00C04F79EFBC}") = "HotelBookingAPI", "HotelBooking\HotelBookingAPI.csproj", "{27DCF24C-9BE2-4523-A6E2-FDB4A9875EF0}"
EndProject
Global
	GlobalSection(SolutionConfigurationPlatforms) = preSolution
		Debug|Any CPU = Debug|Any CPU
		Release|Any CPU = Release|Any CPU
	EndGlobalSection
	GlobalSection(ProjectConfigurationPlatforms) = postSolution
		{27DCF24C-9BE2-4523-A6E2-FDB4A9875EF0}.Debug|Any CPU.ActiveCfg = Debug|Any CPU
		{27DCF24C-9BE2-4523-A6E2-FDB4A9875EF0}.Debug|Any CPU.Build.0 = Debug|Any CPU
		{27DCF24C-9BE2-4523-A6E2-FDB4A9875EF0}.Release|Any CPU.ActiveCfg = Release|Any CPU
		{27DCF24C-9BE2-4523-A6E2-FDB4A9875EF0}.Release|Any CPU.Build.0 = Release|Any CPU
	EndGlobalSection
	GlobalSection(SolutionProperties) = preSolution
		HideSolutionNode = FALSE
	EndGlobalSection
	GlobalSection(ExtensibilityGlobals) = postSolution
		SolutionGuid = {54C9B552-ABBF-40CC-AE17-6609356354BF}
	EndGlobalSection
EndGlobal
